
Microsoft Visual Studio Solution File, Format Version 12.00
# Visual Studio Version 16
VisualStudioVersion = 16.0.33927.289
MinimumVisualStudioVersion = 10.0.40219.1
Project("{2150E333-8FDC-42A3-9474-1A3956D46DE8}") = "Task0", "Task0", "{48FB5DF8-CAAA-44B9-BE2D-A08AFD894F06}"
EndProject
Project("{FAE04EC0-301F-11D3-BF4B-00C04F79EFBC}") = "Tyuiu.SalminKN.Sprint2.Task0.V0", "Tyuiu.SalminKN.Sprint2.Task0.V0\Tyuiu.SalminKN.Sprint2.Task0.V0.csproj", "{64EA9DE7-C628-4D1B-B990-DE7E8BA6F003}"
EndProject
Project("{FAE04EC0-301F-11D3-BF4B-00C04F79EFBC}") = "Tyuiu.SalminKN.Sprint2.Task0.V0.Lib", "Tyuiu.SalminKN.Sprint2.Task0.V0.Lib\Tyuiu.SalminKN.Sprint2.Task0.V0.Lib.csproj", "{869C4DB5-EF71-4FEA-819B-8D91626FAF34}"
EndProject
Project("{FAE04EC0-301F-11D3-BF4B-00C04F79EFBC}") = "Tyuiu.SalminKN.Sprint2.Task0.V0.Test", "Tyuiu.SalminKN.Sprint2.Task0.V0.Test\Tyuiu.SalminKN.Sprint2.Task0.V0.Test.csproj", "{229DBD85-696A-4EF8-B9CC-CF1B639DD659}"
EndProject
Project("{2150E333-8FDC-42A3-9474-1A3956D46DE8}") = "Task0.V8", "Task0.V8", "{3372D0D5-5567-4F74-A41C-2780F7323923}"
EndProject
Project("{FAE04EC0-301F-11D3-BF4B-00C04F79EFBC}") = "Tyuiu.SalminKN.Sprint2.Task0.V8", "Tyuiu.SalminKN.Sprint2.Task0.V8\Tyuiu.SalminKN.Sprint2.Task0.V8.csproj", "{7C4415E4-1C5E-42E7-A66E-9611649D2B0A}"
EndProject
Project("{FAE04EC0-301F-11D3-BF4B-00C04F79EFBC}") = "Tyuiu.SalminKN.Sprint2.Task0.V8.Lib", "Tyuiu.SalminKN.Sprint2.Task0.V8.Lib\Tyuiu.SalminKN.Sprint2.Task0.V8.Lib.csproj", "{75BB3B79-2CD9-4B4B-91CA-D5087547B8E9}"
EndProject
Project("{FAE04EC0-301F-11D3-BF4B-00C04F79EFBC}") = "Tyuiu.SalminKN.Sprint2.Task0.V8.Test", "Tyuiu.SalminKN.Sprint2.Task0.V8.Test\Tyuiu.SalminKN.Sprint2.Task0.V8.Test.csproj", "{752CBB39-FD17-4F65-A051-F27D10965AB1}"
EndProject
Project("{2150E333-8FDC-42A3-9474-1A3956D46DE8}") = "Task1.V15", "Task1.V15", "{94FA7DB5-F8E1-4D42-B94B-CF656543AA9A}"
EndProject
Project("{FAE04EC0-301F-11D3-BF4B-00C04F79EFBC}") = "Tyuiu.SalminKN.Sprint2.Task1.V15", "Tyuiu.SalminKN.Sprint2.Task1.V15\Tyuiu.SalminKN.Sprint2.Task1.V15.csproj", "{C7406FDF-A762-46D0-8D9A-A04079EFBAAD}"
EndProject
Project("{FAE04EC0-301F-11D3-BF4B-00C04F79EFBC}") = "Tyuiu.SalminKN.Sprint2.Task1.V15.Lib", "Tyuiu.SalminKN.Sprint2.Task1.V15.Lib\Tyuiu.SalminKN.Sprint2.Task1.V15.Lib.csproj", "{91F6F8E4-C85D-43E9-9A9A-C2B1D4262D56}"
EndProject
Project("{FAE04EC0-301F-11D3-BF4B-00C04F79EFBC}") = "Tyuiu.SalminKN.Sprint2.Task1.V15.Test", "Tyuiu.SalminKN.Sprint2.Task1.V15.Test\Tyuiu.SalminKN.Sprint2.Task1.V15.Test.csproj", "{A191EB16-B7A0-4761-8455-2C98EE0A3181}"
EndProject
Project("{2150E333-8FDC-42A3-9474-1A3956D46DE8}") = "Task2.V10", "Task2.V10", "{3591023C-FB5B-481E-BB5A-549A7522463E}"
EndProject
Project("{FAE04EC0-301F-11D3-BF4B-00C04F79EFBC}") = "Tyuiu.SalminKN.Sprint2.Task2.V10", "Tyuiu.SalminKN.Sprint2.Task2.V10\Tyuiu.SalminKN.Sprint2.Task2.V10.csproj", "{A3700893-4637-4334-AE9D-A2FAF32AF0E0}"
EndProject
Project("{FAE04EC0-301F-11D3-BF4B-00C04F79EFBC}") = "Tyuiu.SalminKN.Sprint2.Task2.V10.Lib", "Tyuiu.SalminKN.Sprint2.Task2.V10.Lib\Tyuiu.SalminKN.Sprint2.Task2.V10.Lib.csproj", "{0658031C-9C72-4A8C-AFA7-7AB0FCAB41F0}"
EndProject
Project("{FAE04EC0-301F-11D3-BF4B-00C04F79EFBC}") = "Tyuiu.SalminKN.Sprint2.Task2.V10.Test", "Tyuiu.SalminKN.Sprint2.Task2.V10.Test\Tyuiu.SalminKN.Sprint2.Task2.V10.Test.csproj", "{0AF3A890-A07E-49D6-8352-41E5DFDA8493}"
EndProject
Project("{2150E333-8FDC-42A3-9474-1A3956D46DE8}") = "Task3.V1", "Task3.V1", "{DA72450C-A025-4516-BFC4-A0C9926C3661}"
EndProject
Project("{FAE04EC0-301F-11D3-BF4B-00C04F79EFBC}") = "Tyuiu.SalminKN.Sprint2.Task3.V1", "Tyuiu.SalminKN.Sprint2.Task3.V1\Tyuiu.SalminKN.Sprint2.Task3.V1.csproj", "{ACD07584-26DF-4CFC-B8B9-A74CEA27D2C1}"
EndProject
Project("{FAE04EC0-301F-11D3-BF4B-00C04F79EFBC}") = "Tyuiu.SalminKN.Sprint2.Task3.V1.Lib", "Tyuiu.SalminKN.Sprint2.Task3.V1.Lib\Tyuiu.SalminKN.Sprint2.Task3.V1.Lib.csproj", "{6A58C626-6D89-452A-83D8-483A2BC148F3}"
EndProject
Project("{FAE04EC0-301F-11D3-BF4B-00C04F79EFBC}") = "Tyuiu.SalminKN.Sprint2.Task3.V1.Test", "Tyuiu.SalminKN.Sprint2.Task3.V1.Test\Tyuiu.SalminKN.Sprint2.Task3.V1.Test.csproj", "{A9F4AF9C-E2CF-4082-BC16-CF5045DD8B83}"
EndProject
Project("{2150E333-8FDC-42A3-9474-1A3956D46DE8}") = "Task4.V28", "Task4.V28", "{B8A15A34-E523-495B-B28D-D0D98C32FA48}"
EndProject
Project("{FAE04EC0-301F-11D3-BF4B-00C04F79EFBC}") = "Tyuiu.SalminKN.Sprint2.Task4.V28", "Tyuiu.SalminKN.Sprint2.Task4.V28\Tyuiu.SalminKN.Sprint2.Task4.V28.csproj", "{A2F15FA2-AF7D-4751-881E-E01EE310EB90}"
EndProject
Project("{FAE04EC0-301F-11D3-BF4B-00C04F79EFBC}") = "Tyuiu.SalminKN.Sprint2.Task4.V28.Lib", "Tyuiu.SalminKN.Sprint2.Task4.V28.Lib\Tyuiu.SalminKN.Sprint2.Task4.V28.Lib.csproj", "{0CA1F120-2317-470F-90D1-80A1D9554D98}"
EndProject
Project("{FAE04EC0-301F-11D3-BF4B-00C04F79EFBC}") = "Tyuiu.SalminKN.Sprint2.Task4.V28.Test", "Tyuiu.SalminKN.Sprint2.Task4.V28.Test\Tyuiu.SalminKN.Sprint2.Task4.V28.Test.csproj", "{8AA91A1F-BB6F-45DB-B4A1-E8CE93CC34A7}"
EndProject
Global
	GlobalSection(SolutionConfigurationPlatforms) = preSolution
		Debug|Any CPU = Debug|Any CPU
		Release|Any CPU = Release|Any CPU
	EndGlobalSection
	GlobalSection(ProjectConfigurationPlatforms) = postSolution
		{64EA9DE7-C628-4D1B-B990-DE7E8BA6F003}.Debug|Any CPU.ActiveCfg = Debug|Any CPU
		{64EA9DE7-C628-4D1B-B990-DE7E8BA6F003}.Debug|Any CPU.Build.0 = Debug|Any CPU
		{64EA9DE7-C628-4D1B-B990-DE7E8BA6F003}.Release|Any CPU.ActiveCfg = Release|Any CPU
		{64EA9DE7-C628-4D1B-B990-DE7E8BA6F003}.Release|Any CPU.Build.0 = Release|Any CPU
		{869C4DB5-EF71-4FEA-819B-8D91626FAF34}.Debug|Any CPU.ActiveCfg = Debug|Any CPU
		{869C4DB5-EF71-4FEA-819B-8D91626FAF34}.Debug|Any CPU.Build.0 = Debug|Any CPU
		{869C4DB5-EF71-4FEA-819B-8D91626FAF34}.Release|Any CPU.ActiveCfg = Release|Any CPU
		{869C4DB5-EF71-4FEA-819B-8D91626FAF34}.Release|Any CPU.Build.0 = Release|Any CPU
		{229DBD85-696A-4EF8-B9CC-CF1B639DD659}.Debug|Any CPU.ActiveCfg = Debug|Any CPU
		{229DBD85-696A-4EF8-B9CC-CF1B639DD659}.Debug|Any CPU.Build.0 = Debug|Any CPU
		{229DBD85-696A-4EF8-B9CC-CF1B639DD659}.Release|Any CPU.ActiveCfg = Release|Any CPU
		{229DBD85-696A-4EF8-B9CC-CF1B639DD659}.Release|Any CPU.Build.0 = Release|Any CPU
		{7C4415E4-1C5E-42E7-A66E-9611649D2B0A}.Debug|Any CPU.ActiveCfg = Debug|Any CPU
		{7C4415E4-1C5E-42E7-A66E-9611649D2B0A}.Debug|Any CPU.Build.0 = Debug|Any CPU
		{7C4415E4-1C5E-42E7-A66E-9611649D2B0A}.Release|Any CPU.ActiveCfg = Release|Any CPU
		{7C4415E4-1C5E-42E7-A66E-9611649D2B0A}.Release|Any CPU.Build.0 = Release|Any CPU
		{75BB3B79-2CD9-4B4B-91CA-D5087547B8E9}.Debug|Any CPU.ActiveCfg = Debug|Any CPU
		{75BB3B79-2CD9-4B4B-91CA-D5087547B8E9}.Debug|Any CPU.Build.0 = Debug|Any CPU
		{75BB3B79-2CD9-4B4B-91CA-D5087547B8E9}.Release|Any CPU.ActiveCfg = Release|Any CPU
		{75BB3B79-2CD9-4B4B-91CA-D5087547B8E9}.Release|Any CPU.Build.0 = Release|Any CPU
		{752CBB39-FD17-4F65-A051-F27D10965AB1}.Debug|Any CPU.ActiveCfg = Debug|Any CPU
		{752CBB39-FD17-4F65-A051-F27D10965AB1}.Debug|Any CPU.Build.0 = Debug|Any CPU
		{752CBB39-FD17-4F65-A051-F27D10965AB1}.Release|Any CPU.ActiveCfg = Release|Any CPU
		{752CBB39-FD17-4F65-A051-F27D10965AB1}.Release|Any CPU.Build.0 = Release|Any CPU
		{C7406FDF-A762-46D0-8D9A-A04079EFBAAD}.Debug|Any CPU.ActiveCfg = Debug|Any CPU
		{C7406FDF-A762-46D0-8D9A-A04079EFBAAD}.Debug|Any CPU.Build.0 = Debug|Any CPU
		{C7406FDF-A762-46D0-8D9A-A04079EFBAAD}.Release|Any CPU.ActiveCfg = Release|Any CPU
		{C7406FDF-A762-46D0-8D9A-A04079EFBAAD}.Release|Any CPU.Build.0 = Release|Any CPU
		{91F6F8E4-C85D-43E9-9A9A-C2B1D4262D56}.Debug|Any CPU.ActiveCfg = Debug|Any CPU
		{91F6F8E4-C85D-43E9-9A9A-C2B1D4262D56}.Debug|Any CPU.Build.0 = Debug|Any CPU
		{91F6F8E4-C85D-43E9-9A9A-C2B1D4262D56}.Release|Any CPU.ActiveCfg = Release|Any CPU
		{91F6F8E4-C85D-43E9-9A9A-C2B1D4262D56}.Release|Any CPU.Build.0 = Release|Any CPU
		{A191EB16-B7A0-4761-8455-2C98EE0A3181}.Debug|Any CPU.ActiveCfg = Debug|Any CPU
		{A191EB16-B7A0-4761-8455-2C98EE0A3181}.Debug|Any CPU.Build.0 = Debug|Any CPU
		{A191EB16-B7A0-4761-8455-2C98EE0A3181}.Release|Any CPU.ActiveCfg = Release|Any CPU
		{A191EB16-B7A0-4761-8455-2C98EE0A3181}.Release|Any CPU.Build.0 = Release|Any CPU
		{A3700893-4637-4334-AE9D-A2FAF32AF0E0}.Debug|Any CPU.ActiveCfg = Debug|Any CPU
		{A3700893-4637-4334-AE9D-A2FAF32AF0E0}.Debug|Any CPU.Build.0 = Debug|Any CPU
		{A3700893-4637-4334-AE9D-A2FAF32AF0E0}.Release|Any CPU.ActiveCfg = Release|Any CPU
		{A3700893-4637-4334-AE9D-A2FAF32AF0E0}.Release|Any CPU.Build.0 = Release|Any CPU
		{0658031C-9C72-4A8C-AFA7-7AB0FCAB41F0}.Debug|Any CPU.ActiveCfg = Debug|Any CPU
		{0658031C-9C72-4A8C-AFA7-7AB0FCAB41F0}.Debug|Any CPU.Build.0 = Debug|Any CPU
		{0658031C-9C72-4A8C-AFA7-7AB0FCAB41F0}.Release|Any CPU.ActiveCfg = Release|Any CPU
		{0658031C-9C72-4A8C-AFA7-7AB0FCAB41F0}.Release|Any CPU.Build.0 = Release|Any CPU
		{0AF3A890-A07E-49D6-8352-41E5DFDA8493}.Debug|Any CPU.ActiveCfg = Debug|Any CPU
		{0AF3A890-A07E-49D6-8352-41E5DFDA8493}.Debug|Any CPU.Build.0 = Debug|Any CPU
		{0AF3A890-A07E-49D6-8352-41E5DFDA8493}.Release|Any CPU.ActiveCfg = Release|Any CPU
		{0AF3A890-A07E-49D6-8352-41E5DFDA8493}.Release|Any CPU.Build.0 = Release|Any CPU
		{ACD07584-26DF-4CFC-B8B9-A74CEA27D2C1}.Debug|Any CPU.ActiveCfg = Debug|Any CPU
		{ACD07584-26DF-4CFC-B8B9-A74CEA27D2C1}.Debug|Any CPU.Build.0 = Debug|Any CPU
		{ACD07584-26DF-4CFC-B8B9-A74CEA27D2C1}.Release|Any CPU.ActiveCfg = Release|Any CPU
		{ACD07584-26DF-4CFC-B8B9-A74CEA27D2C1}.Release|Any CPU.Build.0 = Release|Any CPU
		{6A58C626-6D89-452A-83D8-483A2BC148F3}.Debug|Any CPU.ActiveCfg = Debug|Any CPU
		{6A58C626-6D89-452A-83D8-483A2BC148F3}.Debug|Any CPU.Build.0 = Debug|Any CPU
		{6A58C626-6D89-452A-83D8-483A2BC148F3}.Release|Any CPU.ActiveCfg = Release|Any CPU
		{6A58C626-6D89-452A-83D8-483A2BC148F3}.Release|Any CPU.Build.0 = Release|Any CPU
		{A9F4AF9C-E2CF-4082-BC16-CF5045DD8B83}.Debug|Any CPU.ActiveCfg = Debug|Any CPU
		{A9F4AF9C-E2CF-4082-BC16-CF5045DD8B83}.Debug|Any CPU.Build.0 = Debug|Any CPU
		{A9F4AF9C-E2CF-4082-BC16-CF5045DD8B83}.Release|Any CPU.ActiveCfg = Release|Any CPU
		{A9F4AF9C-E2CF-4082-BC16-CF5045DD8B83}.Release|Any CPU.Build.0 = Release|Any CPU
		{A2F15FA2-AF7D-4751-881E-E01EE310EB90}.Debug|Any CPU.ActiveCfg = Debug|Any CPU
		{A2F15FA2-AF7D-4751-881E-E01EE310EB90}.Debug|Any CPU.Build.0 = Debug|Any CPU
		{A2F15FA2-AF7D-4751-881E-E01EE310EB90}.Release|Any CPU.ActiveCfg = Release|Any CPU
		{A2F15FA2-AF7D-4751-881E-E01EE310EB90}.Release|Any CPU.Build.0 = Release|Any CPU
		{0CA1F120-2317-470F-90D1-80A1D9554D98}.Debug|Any CPU.ActiveCfg = Debug|Any CPU
		{0CA1F120-2317-470F-90D1-80A1D9554D98}.Debug|Any CPU.Build.0 = Debug|Any CPU
		{0CA1F120-2317-470F-90D1-80A1D9554D98}.Release|Any CPU.ActiveCfg = Release|Any CPU
		{0CA1F120-2317-470F-90D1-80A1D9554D98}.Release|Any CPU.Build.0 = Release|Any CPU
		{8AA91A1F-BB6F-45DB-B4A1-E8CE93CC34A7}.Debug|Any CPU.ActiveCfg = Debug|Any CPU
		{8AA91A1F-BB6F-45DB-B4A1-E8CE93CC34A7}.Debug|Any CPU.Build.0 = Debug|Any CPU
		{8AA91A1F-BB6F-45DB-B4A1-E8CE93CC34A7}.Release|Any CPU.ActiveCfg = Release|Any CPU
		{8AA91A1F-BB6F-45DB-B4A1-E8CE93CC34A7}.Release|Any CPU.Build.0 = Release|Any CPU
	EndGlobalSection
	GlobalSection(SolutionProperties) = preSolution
		HideSolutionNode = FALSE
	EndGlobalSection
	GlobalSection(NestedProjects) = preSolution
		{64EA9DE7-C628-4D1B-B990-DE7E8BA6F003} = {48FB5DF8-CAAA-44B9-BE2D-A08AFD894F06}
		{869C4DB5-EF71-4FEA-819B-8D91626FAF34} = {48FB5DF8-CAAA-44B9-BE2D-A08AFD894F06}
		{229DBD85-696A-4EF8-B9CC-CF1B639DD659} = {48FB5DF8-CAAA-44B9-BE2D-A08AFD894F06}
		{7C4415E4-1C5E-42E7-A66E-9611649D2B0A} = {3372D0D5-5567-4F74-A41C-2780F7323923}
		{75BB3B79-2CD9-4B4B-91CA-D5087547B8E9} = {3372D0D5-5567-4F74-A41C-2780F7323923}
		{752CBB39-FD17-4F65-A051-F27D10965AB1} = {3372D0D5-5567-4F74-A41C-2780F7323923}
		{C7406FDF-A762-46D0-8D9A-A04079EFBAAD} = {94FA7DB5-F8E1-4D42-B94B-CF656543AA9A}
		{91F6F8E4-C85D-43E9-9A9A-C2B1D4262D56} = {94FA7DB5-F8E1-4D42-B94B-CF656543AA9A}
		{A191EB16-B7A0-4761-8455-2C98EE0A3181} = {94FA7DB5-F8E1-4D42-B94B-CF656543AA9A}
		{A3700893-4637-4334-AE9D-A2FAF32AF0E0} = {3591023C-FB5B-481E-BB5A-549A7522463E}
		{0658031C-9C72-4A8C-AFA7-7AB0FCAB41F0} = {3591023C-FB5B-481E-BB5A-549A7522463E}
		{0AF3A890-A07E-49D6-8352-41E5DFDA8493} = {3591023C-FB5B-481E-BB5A-549A7522463E}
		{ACD07584-26DF-4CFC-B8B9-A74CEA27D2C1} = {DA72450C-A025-4516-BFC4-A0C9926C3661}
		{6A58C626-6D89-452A-83D8-483A2BC148F3} = {DA72450C-A025-4516-BFC4-A0C9926C3661}
		{A9F4AF9C-E2CF-4082-BC16-CF5045DD8B83} = {DA72450C-A025-4516-BFC4-A0C9926C3661}
		{A2F15FA2-AF7D-4751-881E-E01EE310EB90} = {B8A15A34-E523-495B-B28D-D0D98C32FA48}
		{0CA1F120-2317-470F-90D1-80A1D9554D98} = {B8A15A34-E523-495B-B28D-D0D98C32FA48}
		{8AA91A1F-BB6F-45DB-B4A1-E8CE93CC34A7} = {B8A15A34-E523-495B-B28D-D0D98C32FA48}
	EndGlobalSection
	GlobalSection(ExtensibilityGlobals) = postSolution
		SolutionGuid = {69C7ACC7-B33B-4900-8ADE-9C3F6A46C247}
	EndGlobalSection
EndGlobal
